{
  "name": "math-understanding-tools",
  "version": "0.1.3",
  "lockfileVersion": 1,
  "requires": true,
  "dependencies": {
    "@pixi/accessibility": {
      "version": "6.0.0-rc.2",
      "resolved": "https://registry.npmjs.org/@pixi/accessibility/-/accessibility-6.0.0-rc.2.tgz",
      "integrity": "sha512-NFaXSpYvUgKZHNHNB5xy8i8KxUeQc9b9PSUgoyM/okL54C86DJenMqtcpMBLVVBqcMAb3Cg2qHR14cqXzuj0bg==",
      "requires": {
        "@pixi/canvas-renderer": "6.0.0-rc.2",
        "@pixi/core": "6.0.0-rc.2",
        "@pixi/display": "6.0.0-rc.2",
        "@pixi/utils": "6.0.0-rc.2"
      }
    },
    "@pixi/app": {
      "version": "6.0.0-rc.2",
      "resolved": "https://registry.npmjs.org/@pixi/app/-/app-6.0.0-rc.2.tgz",
      "integrity": "sha512-UXtIbrjs0ILDwyH9Q5wJb8hVXj0UTOJPVJuvSLZA+61coZTIufclechkM1+UFR8v6JuEickv+wjwSLtKLZPN6g==",
      "requires": {
        "@pixi/core": "6.0.0-rc.2",
        "@pixi/display": "6.0.0-rc.2"
      }
    },
    "@pixi/canvas-renderer": {
      "version": "6.0.0-rc.2",
      "resolved": "https://registry.npmjs.org/@pixi/canvas-renderer/-/canvas-renderer-6.0.0-rc.2.tgz",
      "integrity": "sha512-3lGWC+eZEBlMvF75K2rcuONC4Djm8XiWqsrR7KFK+4J6IVkqGrZ21LetBNrXEEsc9jlx2bXh9zE92IvVHYZPBQ==",
      "requires": {
        "@pixi/constants": "6.0.0-rc.2",
        "@pixi/core": "6.0.0-rc.2",
        "@pixi/math": "6.0.0-rc.2",
        "@pixi/settings": "6.0.0-rc.2",
        "@pixi/utils": "6.0.0-rc.2"
      }
    },
    "@pixi/compressed-textures": {
      "version": "6.0.0-rc.2",
      "resolved": "https://registry.npmjs.org/@pixi/compressed-textures/-/compressed-textures-6.0.0-rc.2.tgz",
      "integrity": "sha512-8S7WLrN3yoZr3UY7wtGoTtzUx2ihbiOIeEUsjJoIkZ4dajgaMdn80rxm8UeIgILzT7U+Dd3ExuARem0y+1DoQQ==",
      "requires": {
        "@pixi/constants": "6.0.0-rc.2",
        "@pixi/core": "6.0.0-rc.2",
        "@pixi/loaders": "6.0.0-rc.2"
      }
    },
    "@pixi/constants": {
      "version": "6.0.0-rc.2",
      "resolved": "https://registry.npmjs.org/@pixi/constants/-/constants-6.0.0-rc.2.tgz",
      "integrity": "sha512-ZK1idtsCBZudNadoywQNQsq7YqiWBUwrY/q7pzpTd9QX0puLjulGa7XU6od4PQI7uORuyFmr0xGJMeeKxrWBUg=="
    },
    "@pixi/core": {
      "version": "6.0.0-rc.2",
      "resolved": "https://registry.npmjs.org/@pixi/core/-/core-6.0.0-rc.2.tgz",
      "integrity": "sha512-craGniKt6v8q5J6zFn36Anb824O6jgV/Uvp0Ed0HHjgeqVwni3LFD0HaSAk0/8eZoxO/rBEIvvHTAp8/SjT5Ww==",
      "requires": {
        "@pixi/constants": "6.0.0-rc.2",
        "@pixi/math": "6.0.0-rc.2",
        "@pixi/runner": "6.0.0-rc.2",
        "@pixi/settings": "6.0.0-rc.2",
        "@pixi/ticker": "6.0.0-rc.2",
        "@pixi/utils": "6.0.0-rc.2"
      }
    },
    "@pixi/display": {
      "version": "6.0.0-rc.2",
      "resolved": "https://registry.npmjs.org/@pixi/display/-/display-6.0.0-rc.2.tgz",
      "integrity": "sha512-o28+SOrutiuSaS9qqND/dftNlHC/A6IPOHAWdT+UOMn7idg4u0BJjLxsCJb3pSBmUvi8GK7/xGaHEY41gNZFAg==",
      "requires": {
        "@pixi/math": "6.0.0-rc.2",
        "@pixi/settings": "6.0.0-rc.2",
        "@pixi/utils": "6.0.0-rc.2"
      }
    },
    "@pixi/extract": {
      "version": "6.0.0-rc.2",
      "resolved": "https://registry.npmjs.org/@pixi/extract/-/extract-6.0.0-rc.2.tgz",
      "integrity": "sha512-AK8X7AEl8VOJLvKesdZkKnp+XKyInyH2uZc+SuDjGpJI0PMX2nYT9imG/ICLRymDv86bnrSuzUeeuafhc3PnOg==",
      "requires": {
        "@pixi/core": "6.0.0-rc.2",
        "@pixi/math": "6.0.0-rc.2",
        "@pixi/utils": "6.0.0-rc.2"
      }
    },
    "@pixi/filter-alpha": {
      "version": "6.0.0-rc.2",
      "resolved": "https://registry.npmjs.org/@pixi/filter-alpha/-/filter-alpha-6.0.0-rc.2.tgz",
      "integrity": "sha512-agEZGPzZAZ0DSGiqDYbQYlOXLqzG6YEmDuEFa8jIeo2La9010x3DpuB+TImRGsqWyiZjOelps1sd3Rlb9QT1yg==",
      "requires": {
        "@pixi/core": "6.0.0-rc.2"
      }
    },
    "@pixi/filter-blur": {
      "version": "6.0.0-rc.2",
      "resolved": "https://registry.npmjs.org/@pixi/filter-blur/-/filter-blur-6.0.0-rc.2.tgz",
      "integrity": "sha512-fTSLEmwxaGl02eMPjwZSrxrl1cWIV2VRHDNzsEPSmEmr0fUXDlf72TB3cMro1vpEwKmbNtNrfyQovxFx6YCR3g==",
      "requires": {
        "@pixi/core": "6.0.0-rc.2",
        "@pixi/settings": "6.0.0-rc.2"
      }
    },
    "@pixi/filter-color-matrix": {
      "version": "6.0.0-rc.2",
      "resolved": "https://registry.npmjs.org/@pixi/filter-color-matrix/-/filter-color-matrix-6.0.0-rc.2.tgz",
      "integrity": "sha512-rLXMhyWk1W4I+q62SnehPLPg8C7LBB6sPqpmQSwZlMqfUY8Pmq2iEX0IwDqu7lhKk1koMNyFvw9yRvzU/+N/7g==",
      "requires": {
        "@pixi/core": "6.0.0-rc.2"
      }
    },
    "@pixi/filter-displacement": {
      "version": "6.0.0-rc.2",
      "resolved": "https://registry.npmjs.org/@pixi/filter-displacement/-/filter-displacement-6.0.0-rc.2.tgz",
      "integrity": "sha512-pRuu6J1NxWIPb8ucbmmeiqRsDDz4uNNXdEV+/VbvBtd9FeBnQpVvTLvcPVmXKcU39ffplCz9xELETjXMbOFqZg==",
      "requires": {
        "@pixi/core": "6.0.0-rc.2",
        "@pixi/math": "6.0.0-rc.2"
      }
    },
    "@pixi/filter-fxaa": {
      "version": "6.0.0-rc.2",
      "resolved": "https://registry.npmjs.org/@pixi/filter-fxaa/-/filter-fxaa-6.0.0-rc.2.tgz",
      "integrity": "sha512-7xwbkiDdxpLK+U7n7kqAO6HU7iyIw9rbj+S8wGPH6uZUSS7KtX4oK0/GKAJwu7xwcuGTWWGu6HE0ohry//floA==",
      "requires": {
        "@pixi/core": "6.0.0-rc.2"
      }
    },
    "@pixi/filter-noise": {
      "version": "6.0.0-rc.2",
      "resolved": "https://registry.npmjs.org/@pixi/filter-noise/-/filter-noise-6.0.0-rc.2.tgz",
      "integrity": "sha512-eVaiC9+dwJq2jrGjUVWpwDy2ucX2lVX90LILHdoa91gRamCYoAQ5NLpfOIaoqbLMPliO4Ljcf3d42oqDNtFGXg==",
      "requires": {
        "@pixi/core": "6.0.0-rc.2"
      }
    },
    "@pixi/graphics": {
      "version": "6.0.0-rc.2",
      "resolved": "https://registry.npmjs.org/@pixi/graphics/-/graphics-6.0.0-rc.2.tgz",
      "integrity": "sha512-DUOAAQUrPQ8aOBGcwP17ao+zepP6MqF9TAWD/pmVBD9BXy6FNNmp28F546JAEH776PVcsaLalp5qexEcOZo5rQ==",
      "requires": {
        "@pixi/constants": "6.0.0-rc.2",
        "@pixi/core": "6.0.0-rc.2",
        "@pixi/display": "6.0.0-rc.2",
        "@pixi/math": "6.0.0-rc.2",
        "@pixi/sprite": "6.0.0-rc.2",
        "@pixi/utils": "6.0.0-rc.2"
      }
    },
    "@pixi/interaction": {
      "version": "6.0.0-rc.2",
      "resolved": "https://registry.npmjs.org/@pixi/interaction/-/interaction-6.0.0-rc.2.tgz",
      "integrity": "sha512-eaB3uj9THdskCF9PFec4ChaWt2/lccH1ynCN+qJ7XVpFVxn3hJfFEKMChqud5e1tFYffee/o2Y/yWTkeLK+rWA==",
      "requires": {
        "@pixi/core": "6.0.0-rc.2",
        "@pixi/display": "6.0.0-rc.2",
        "@pixi/math": "6.0.0-rc.2",
        "@pixi/ticker": "6.0.0-rc.2",
        "@pixi/utils": "6.0.0-rc.2"
      }
    },
    "@pixi/loaders": {
      "version": "6.0.0-rc.2",
      "resolved": "https://registry.npmjs.org/@pixi/loaders/-/loaders-6.0.0-rc.2.tgz",
      "integrity": "sha512-xeIoG3uJXE4vMbwS6Yn1weYU4fCj13/PsZ1hSvIFnu39D4PAg3HwywvBXCRKpmUZjOexegx5lq+61PTPUSS5oA==",
      "requires": {
        "@pixi/constants": "6.0.0-rc.2",
        "@pixi/core": "6.0.0-rc.2",
        "@pixi/utils": "6.0.0-rc.2",
        "resource-loader": "^3.0.1"
      }
    },
    "@pixi/math": {
      "version": "6.0.0-rc.2",
      "resolved": "https://registry.npmjs.org/@pixi/math/-/math-6.0.0-rc.2.tgz",
      "integrity": "sha512-gmySwd2kLQAFv6EXphLQxxyl6Pm87L6uMmV7W0MNFP/4EVlJlmeSe8hcrEtlB4F4mFGopBCJE4GHLD1Br2Uzrg=="
    },
    "@pixi/mesh": {
      "version": "6.0.0-rc.2",
      "resolved": "https://registry.npmjs.org/@pixi/mesh/-/mesh-6.0.0-rc.2.tgz",
      "integrity": "sha512-rU+KqV2Q2xGpp4+HySkvc6GVljLO4j6OaouZcYQvhSHPu8pZ1KH9PDSQUpXL5Pwm/IPymmJ5xobmsD/HmOgOng==",
      "requires": {
        "@pixi/constants": "6.0.0-rc.2",
        "@pixi/core": "6.0.0-rc.2",
        "@pixi/display": "6.0.0-rc.2",
        "@pixi/math": "6.0.0-rc.2",
        "@pixi/settings": "6.0.0-rc.2",
        "@pixi/utils": "6.0.0-rc.2"
      }
    },
    "@pixi/mesh-extras": {
      "version": "6.0.0-rc.2",
      "resolved": "https://registry.npmjs.org/@pixi/mesh-extras/-/mesh-extras-6.0.0-rc.2.tgz",
      "integrity": "sha512-qPPWm0E0DdGPUq8HAblu0Y9PaeQHj/R6okp9rjvq7L6kJEWbm8DQwaRbSOIXjuZ6bZHDg7IfBgyoJHdOGSS2ug==",
      "requires": {
        "@pixi/constants": "6.0.0-rc.2",
        "@pixi/core": "6.0.0-rc.2",
        "@pixi/math": "6.0.0-rc.2",
        "@pixi/mesh": "6.0.0-rc.2",
        "@pixi/utils": "6.0.0-rc.2"
      }
    },
    "@pixi/mixin-cache-as-bitmap": {
      "version": "6.0.0-rc.2",
      "resolved": "https://registry.npmjs.org/@pixi/mixin-cache-as-bitmap/-/mixin-cache-as-bitmap-6.0.0-rc.2.tgz",
      "integrity": "sha512-nsAt5k/TTMwJQLXwyjpLr2JQAATzc++ly+mx/BKr9jMoEwkGRnYqKqjWe5XTalMCQSs03Rw4b/3zYPqiWHJujw==",
      "requires": {
        "@pixi/canvas-renderer": "6.0.0-rc.2",
        "@pixi/core": "6.0.0-rc.2",
        "@pixi/display": "6.0.0-rc.2",
        "@pixi/math": "6.0.0-rc.2",
        "@pixi/settings": "6.0.0-rc.2",
        "@pixi/sprite": "6.0.0-rc.2",
        "@pixi/utils": "6.0.0-rc.2"
      }
    },
    "@pixi/mixin-get-child-by-name": {
      "version": "6.0.0-rc.2",
      "resolved": "https://registry.npmjs.org/@pixi/mixin-get-child-by-name/-/mixin-get-child-by-name-6.0.0-rc.2.tgz",
      "integrity": "sha512-B1hVJfO+kEuTavOVEO5S3PI+t/5UwRbcWJVXwnokRbKDbPob7tRqPatNxusIufgWcEvMj7Jbpb4rRR/nu5oLTQ==",
      "requires": {
        "@pixi/display": "6.0.0-rc.2"
      }
    },
    "@pixi/mixin-get-global-position": {
      "version": "6.0.0-rc.2",
      "resolved": "https://registry.npmjs.org/@pixi/mixin-get-global-position/-/mixin-get-global-position-6.0.0-rc.2.tgz",
      "integrity": "sha512-7uPiv5usq7nv9dRtyWgNpOtuHo6P5cp0w+aYIhTN7Yj7MnECtHgmZ6H0IL2iAZGGbauJBq9xEJjqREx7oakOxw==",
      "requires": {
        "@pixi/display": "6.0.0-rc.2",
        "@pixi/math": "6.0.0-rc.2"
      }
    },
    "@pixi/particles": {
      "version": "6.0.0-rc.2",
      "resolved": "https://registry.npmjs.org/@pixi/particles/-/particles-6.0.0-rc.2.tgz",
      "integrity": "sha512-Tch+IM5G3lzZCpbgiq0A6PhlZMAqClwvXHCI7whBz2z7Z2XA6Oj30lyyVXEZI/Q2DvV4GBjwNbVY0BIzSQKfDg==",
      "requires": {
        "@pixi/constants": "6.0.0-rc.2",
        "@pixi/core": "6.0.0-rc.2",
        "@pixi/display": "6.0.0-rc.2",
        "@pixi/math": "6.0.0-rc.2",
        "@pixi/utils": "6.0.0-rc.2"
      }
    },
    "@pixi/polyfill": {
      "version": "6.0.0-rc.2",
      "resolved": "https://registry.npmjs.org/@pixi/polyfill/-/polyfill-6.0.0-rc.2.tgz",
      "integrity": "sha512-k70yiRBXDo1w5l9+oGC32MBBui2Pdo3eAuQEGwfD0qg+tqzRy5B0NuKFwCpwmxg/fcLZauZg3TO0ougI/XSvjg==",
      "requires": {
        "object-assign": "^4.1.1",
        "promise-polyfill": "^8.2.0"
      }
    },
    "@pixi/prepare": {
      "version": "6.0.0-rc.2",
      "resolved": "https://registry.npmjs.org/@pixi/prepare/-/prepare-6.0.0-rc.2.tgz",
      "integrity": "sha512-EkSWI6ImRPfAVP1akiUTj/pRB2esxcE6L91CCdcgGEQQw++cdbed6ikY60/1FRwazO2rFfNrwdq68ZlSsAsYcA==",
      "requires": {
        "@pixi/core": "6.0.0-rc.2",
        "@pixi/display": "6.0.0-rc.2",
        "@pixi/graphics": "6.0.0-rc.2",
        "@pixi/settings": "6.0.0-rc.2",
        "@pixi/text": "6.0.0-rc.2",
        "@pixi/ticker": "6.0.0-rc.2"
      }
    },
    "@pixi/runner": {
      "version": "6.0.0-rc.2",
      "resolved": "https://registry.npmjs.org/@pixi/runner/-/runner-6.0.0-rc.2.tgz",
      "integrity": "sha512-moH/0HufqmX0/vl6uwY8CpfNfXO+tKIMWQKYX0SF2oLgH5A1Fz8S5v6M3dYjJKyZGUcw1d7r8vnnkqwtlpWcwg=="
    },
    "@pixi/settings": {
      "version": "6.0.0-rc.2",
      "resolved": "https://registry.npmjs.org/@pixi/settings/-/settings-6.0.0-rc.2.tgz",
      "integrity": "sha512-lZYefoTnZY4dQotnDrhVp35PwPYfO3wNt3fobxOONH91mObsw4IWfbvtn7JMV3eBSscpYbLbdtE3ckikU6yO+Q==",
      "requires": {
        "ismobilejs": "^1.1.0"
      }
    },
    "@pixi/sprite": {
      "version": "6.0.0-rc.2",
      "resolved": "https://registry.npmjs.org/@pixi/sprite/-/sprite-6.0.0-rc.2.tgz",
      "integrity": "sha512-aRLjijLOCX7tO6M3vd+noX+EsH+XJO40JcXkYRxwclBnLRa0ZczgKtyTIukBav7+3mfwEQodWndlq2PJOV80CQ==",
      "requires": {
        "@pixi/constants": "6.0.0-rc.2",
        "@pixi/core": "6.0.0-rc.2",
        "@pixi/display": "6.0.0-rc.2",
        "@pixi/math": "6.0.0-rc.2",
        "@pixi/settings": "6.0.0-rc.2",
        "@pixi/utils": "6.0.0-rc.2"
      }
    },
    "@pixi/sprite-animated": {
      "version": "6.0.0-rc.2",
      "resolved": "https://registry.npmjs.org/@pixi/sprite-animated/-/sprite-animated-6.0.0-rc.2.tgz",
      "integrity": "sha512-H3Hmb1UrKwf36NxdOxakqjHkaHzkuMqETTvGUOyRc5CDP5s6XuR1ygCUNGIZ8umSvYT44LAbXhWfFRjnhZ1qYg==",
      "requires": {
        "@pixi/core": "6.0.0-rc.2",
        "@pixi/sprite": "6.0.0-rc.2",
        "@pixi/ticker": "6.0.0-rc.2"
      }
    },
    "@pixi/sprite-tiling": {
      "version": "6.0.0-rc.2",
      "resolved": "https://registry.npmjs.org/@pixi/sprite-tiling/-/sprite-tiling-6.0.0-rc.2.tgz",
      "integrity": "sha512-nOxBXS3tyKM/L5zi7zmzE7uickQfg+owTAQuw95kkwlT6rl0TJLMvpirODd01KekjKD1NKQJ/jhB+NbX3X5odA==",
      "requires": {
        "@pixi/constants": "6.0.0-rc.2",
        "@pixi/core": "6.0.0-rc.2",
        "@pixi/display": "6.0.0-rc.2",
        "@pixi/math": "6.0.0-rc.2",
        "@pixi/sprite": "6.0.0-rc.2",
        "@pixi/utils": "6.0.0-rc.2"
      }
    },
    "@pixi/spritesheet": {
      "version": "6.0.0-rc.2",
      "resolved": "https://registry.npmjs.org/@pixi/spritesheet/-/spritesheet-6.0.0-rc.2.tgz",
      "integrity": "sha512-XmExnYIuJglj4OqozTvOMHj53vQEtHaLJEqSN0iKZ00CLsYgtG8nqo+Vm6GR2wsfbkXGhw1Abj5iJdDYFX6ZSg==",
      "requires": {
        "@pixi/core": "6.0.0-rc.2",
        "@pixi/loaders": "6.0.0-rc.2",
        "@pixi/math": "6.0.0-rc.2",
        "@pixi/utils": "6.0.0-rc.2"
      }
    },
    "@pixi/text": {
      "version": "6.0.0-rc.2",
      "resolved": "https://registry.npmjs.org/@pixi/text/-/text-6.0.0-rc.2.tgz",
      "integrity": "sha512-29Upj6dB4haH42muO3WoO+20sV/zxD8qVPL0t8oDcZnOnG8SVYCSyH+epPaiCZv3KgS4L16PUr2cIC/j1lC3/g==",
      "requires": {
        "@pixi/core": "6.0.0-rc.2",
        "@pixi/math": "6.0.0-rc.2",
        "@pixi/settings": "6.0.0-rc.2",
        "@pixi/sprite": "6.0.0-rc.2",
        "@pixi/utils": "6.0.0-rc.2"
      }
    },
    "@pixi/text-bitmap": {
      "version": "6.0.0-rc.2",
      "resolved": "https://registry.npmjs.org/@pixi/text-bitmap/-/text-bitmap-6.0.0-rc.2.tgz",
      "integrity": "sha512-UTV2slzN7bGS9ymAlMTSBw53FBKoCAAMQjDDMin+Nl70Y7UaO9J1tq3z+sxQwuKE9GCLR7F7gI0SIaJCWC8MNA==",
      "requires": {
        "@pixi/core": "6.0.0-rc.2",
        "@pixi/display": "6.0.0-rc.2",
        "@pixi/loaders": "6.0.0-rc.2",
        "@pixi/math": "6.0.0-rc.2",
        "@pixi/mesh": "6.0.0-rc.2",
        "@pixi/settings": "6.0.0-rc.2",
        "@pixi/text": "6.0.0-rc.2",
        "@pixi/utils": "6.0.0-rc.2"
      }
    },
    "@pixi/ticker": {
      "version": "6.0.0-rc.2",
      "resolved": "https://registry.npmjs.org/@pixi/ticker/-/ticker-6.0.0-rc.2.tgz",
      "integrity": "sha512-KAiG8ZuEmqHbxpFjn9gA+1M+SCKSXzFFqb9rwFHCMO50R5dkS0KpHjrqXg8eikuDPMdToHQHm40g5qa5TqR5tg==",
      "requires": {
        "@pixi/settings": "6.0.0-rc.2"
      }
    },
    "@pixi/utils": {
      "version": "6.0.0-rc.2",
      "resolved": "https://registry.npmjs.org/@pixi/utils/-/utils-6.0.0-rc.2.tgz",
      "integrity": "sha512-CBYPVVnk2nQPOy4kTickr2EFdIR3Tv3ESSwp1kGFGYRhXh/n9/qfjTEyfBFyMC3QQjdLamc0xpheMWOUQTQc3Q==",
      "requires": {
        "@pixi/constants": "6.0.0-rc.2",
        "@pixi/settings": "6.0.0-rc.2",
        "@types/earcut": "^2.1.0",
        "@types/node": "^12.0.0",
        "earcut": "^2.2.2",
        "eventemitter3": "^3.1.0",
        "url": "^0.11.0"
      }
    },
    "@types/earcut": {
      "version": "2.1.1",
      "resolved": "https://registry.npmjs.org/@types/earcut/-/earcut-2.1.1.tgz",
      "integrity": "sha512-w8oigUCDjElRHRRrMvn/spybSMyX8MTkKA5Dv+tS1IE/TgmNZPqUYtvYBXGY8cieSE66gm+szeK+bnbxC2xHTQ=="
    },
    "@types/node": {
      "version": "12.19.16",
      "resolved": "https://registry.npmjs.org/@types/node/-/node-12.19.16.tgz",
      "integrity": "sha512-7xHmXm/QJ7cbK2laF+YYD7gb5MggHIIQwqyjin3bpEGiSuvScMQ5JZZXPvRipi1MwckTQbJZROMns/JxdnIL1Q=="
    },
    "earcut": {
      "version": "2.2.2",
      "resolved": "https://registry.npmjs.org/earcut/-/earcut-2.2.2.tgz",
      "integrity": "sha512-eZoZPPJcUHnfRZ0PjLvx2qBordSiO8ofC3vt+qACLM95u+4DovnbYNpQtJh0DNsWj8RnxrQytD4WA8gj5cRIaQ=="
    },
    "eventemitter3": {
      "version": "3.1.2",
      "resolved": "https://registry.npmjs.org/eventemitter3/-/eventemitter3-3.1.2.tgz",
      "integrity": "sha512-tvtQIeLVHjDkJYnzf2dgVMxfuSGJeM/7UCG17TT4EumTfNtF+0nebF/4zWOIkCreAbtNqhGEboB6BWrwqNaw4Q=="
    },
    "ismobilejs": {
      "version": "1.1.1",
      "resolved": "https://registry.npmjs.org/ismobilejs/-/ismobilejs-1.1.1.tgz",
      "integrity": "sha512-VaFW53yt8QO61k2WJui0dHf4SlL8lxBofUuUmwBo0ljPk0Drz2TiuDW4jo3wDcv41qy/SxrJ+VAzJ/qYqsmzRw=="
    },
    "mini-signals": {
      "version": "1.2.0",
      "resolved": "https://registry.npmjs.org/mini-signals/-/mini-signals-1.2.0.tgz",
      "integrity": "sha1-RbCAE8X65RokqhqTXNMXye1yHXQ="
    },
    "object-assign": {
      "version": "4.1.1",
      "resolved": "https://registry.npmjs.org/object-assign/-/object-assign-4.1.1.tgz",
      "integrity": "sha1-IQmtx5ZYh8/AXLvUQsrIv7s2CGM="
    },
    "parse-uri": {
      "version": "1.0.3",
      "resolved": "https://registry.npmjs.org/parse-uri/-/parse-uri-1.0.3.tgz",
      "integrity": "sha512-upMnGxNcm+45So85HoguwZTVZI9u11i36DdxJfGF2HYWS2eh3TIx7+/tTi7qrEq15qzGkVhsKjesau+kCk48pA=="
    },
    "pixi.js": {
      "version": "6.0.0-rc.2",
      "resolved": "https://registry.npmjs.org/pixi.js/-/pixi.js-6.0.0-rc.2.tgz",
      "integrity": "sha512-z77y4OyX27gjwUyoqpAArWpFrNVuPCmJEZDaLu3EjSrQHcRBeJzTWcg0ol3k/LCBkB7RfzGTC6XxLsodV3AWCw==",
      "requires": {
        "@pixi/accessibility": "6.0.0-rc.2",
        "@pixi/app": "6.0.0-rc.2",
        "@pixi/compressed-textures": "6.0.0-rc.2",
        "@pixi/constants": "6.0.0-rc.2",
        "@pixi/core": "6.0.0-rc.2",
        "@pixi/display": "6.0.0-rc.2",
        "@pixi/extract": "6.0.0-rc.2",
        "@pixi/filter-alpha": "6.0.0-rc.2",
        "@pixi/filter-blur": "6.0.0-rc.2",
        "@pixi/filter-color-matrix": "6.0.0-rc.2",
        "@pixi/filter-displacement": "6.0.0-rc.2",
        "@pixi/filter-fxaa": "6.0.0-rc.2",
        "@pixi/filter-noise": "6.0.0-rc.2",
        "@pixi/graphics": "6.0.0-rc.2",
        "@pixi/interaction": "6.0.0-rc.2",
        "@pixi/loaders": "6.0.0-rc.2",
        "@pixi/math": "6.0.0-rc.2",
        "@pixi/mesh": "6.0.0-rc.2",
        "@pixi/mesh-extras": "6.0.0-rc.2",
        "@pixi/mixin-cache-as-bitmap": "6.0.0-rc.2",
        "@pixi/mixin-get-child-by-name": "6.0.0-rc.2",
        "@pixi/mixin-get-global-position": "6.0.0-rc.2",
        "@pixi/particles": "6.0.0-rc.2",
        "@pixi/polyfill": "6.0.0-rc.2",
        "@pixi/prepare": "6.0.0-rc.2",
        "@pixi/runner": "6.0.0-rc.2",
        "@pixi/settings": "6.0.0-rc.2",
        "@pixi/sprite": "6.0.0-rc.2",
        "@pixi/sprite-animated": "6.0.0-rc.2",
        "@pixi/sprite-tiling": "6.0.0-rc.2",
        "@pixi/spritesheet": "6.0.0-rc.2",
        "@pixi/text": "6.0.0-rc.2",
        "@pixi/text-bitmap": "6.0.0-rc.2",
        "@pixi/ticker": "6.0.0-rc.2",
        "@pixi/utils": "6.0.0-rc.2"
      }
    },
    "promise-polyfill": {
      "version": "8.2.0",
      "resolved": "https://registry.npmjs.org/promise-polyfill/-/promise-polyfill-8.2.0.tgz",
      "integrity": "sha512-k/TC0mIcPVF6yHhUvwAp7cvL6I2fFV7TzF1DuGPI8mBh4QQazf36xCKEHKTZKRysEoTQoQdKyP25J8MPJp7j5g=="
    },
    "punycode": {
      "version": "1.3.2",
      "resolved": "https://registry.npmjs.org/punycode/-/punycode-1.3.2.tgz",
      "integrity": "sha1-llOgNvt8HuQjQvIyXM7v6jkmxI0="
    },
    "querystring": {
      "version": "0.2.0",
      "resolved": "https://registry.npmjs.org/querystring/-/querystring-0.2.0.tgz",
      "integrity": "sha1-sgmEkgO7Jd+CDadW50cAWHhSFiA="
    },
    "resource-loader": {
      "version": "3.0.1",
      "resolved": "https://registry.npmjs.org/resource-loader/-/resource-loader-3.0.1.tgz",
      "integrity": "sha512-fBuCRbEHdLCI1eglzQhUv9Rrdcmqkydr1r6uHE2cYHvRBrcLXeSmbE/qI/urFt8rPr/IGxir3BUwM5kUK8XoyA==",
      "requires": {
        "mini-signals": "^1.2.0",
        "parse-uri": "^1.0.0"
      }
    },
    "typescript": {
      "version": "4.2.2",
      "resolved": "https://registry.npmjs.org/typescript/-/typescript-4.2.2.tgz",
      "integrity": "sha512-tbb+NVrLfnsJy3M59lsDgrzWIflR4d4TIUjz+heUnHZwdF7YsrMTKoRERiIvI2lvBG95dfpLxB21WZhys1bgaQ==",
      "dev": true
    },
    "url": {
      "version": "0.11.0",
      "resolved": "https://registry.npmjs.org/url/-/url-0.11.0.tgz",
      "integrity": "sha1-ODjpfPxgUh63PFJajlW/3Z4uKPE=",
      "requires": {
        "punycode": "1.3.2",
        "querystring": "0.2.0"
      }
    }
  }
}
